// !$*UTF8*$!
{
	archiveVersion = 1;
	classes = {
	};
	objectVersion = 55;
	objects = {

/* Begin PBXBuildFile section */
		40201FDE2781100400054257 /* AsyncFetcher.swift in Sources */ = {isa = PBXBuildFile; fileRef = 40201FDD2781100400054257 /* AsyncFetcher.swift */; };
		40201FE02781117800054257 /* AsyncFetcherOperation.swift in Sources */ = {isa = PBXBuildFile; fileRef = 40201FDF2781117800054257 /* AsyncFetcherOperation.swift */; };
		40201FE2278111FF00054257 /* DisplayImage.swift in Sources */ = {isa = PBXBuildFile; fileRef = 40201FE1278111FF00054257 /* DisplayImage.swift */; };
		4021FC4227775CC4006C400F /* EncyclopediaViewProtocol.swift in Sources */ = {isa = PBXBuildFile; fileRef = 4021FC4127775CC4006C400F /* EncyclopediaViewProtocol.swift */; };
		4021FC462777618A006C400F /* EncyclopediaCollectionCellView.swift in Sources */ = {isa = PBXBuildFile; fileRef = 4021FC452777618A006C400F /* EncyclopediaCollectionCellView.swift */; };
		4021FC4B27778BDF006C400F /* EncyclopediaExtensions.swift in Sources */ = {isa = PBXBuildFile; fileRef = 4021FC4A27778BDF006C400F /* EncyclopediaExtensions.swift */; };
		4021FC4D27779246006C400F /* CatsReusableIdentifier.swift in Sources */ = {isa = PBXBuildFile; fileRef = 4021FC4C27779246006C400F /* CatsReusableIdentifier.swift */; };
		4054F375277DEF180029BE10 /* EncyclopediaPresenter.swift in Sources */ = {isa = PBXBuildFile; fileRef = 4054F374277DEF180029BE10 /* EncyclopediaPresenter.swift */; };
		4054F378277DF1B40029BE10 /*  EncyclopediaInteractor.swift in Sources */ = {isa = PBXBuildFile; fileRef = 4054F377277DF1B40029BE10 /*  EncyclopediaInteractor.swift */; };
		4054F37A277DF3500029BE10 /* ApiManager.swift in Sources */ = {isa = PBXBuildFile; fileRef = 4054F379277DF3500029BE10 /* ApiManager.swift */; };
		4054F37C277DF3D10029BE10 /* URLSessionProtocol.swift in Sources */ = {isa = PBXBuildFile; fileRef = 4054F37B277DF3D10029BE10 /* URLSessionProtocol.swift */; };
		4054F37E277E36810029BE10 /* NetworkReachabilityManager.swift in Sources */ = {isa = PBXBuildFile; fileRef = 4054F37D277E36810029BE10 /* NetworkReachabilityManager.swift */; };
		4054F381277E3FA90029BE10 /* CatModel.swift in Sources */ = {isa = PBXBuildFile; fileRef = 4054F380277E3FA90029BE10 /* CatModel.swift */; };
		4054F383277E59EA0029BE10 /* EncyclopediaPayLoad.swift in Sources */ = {isa = PBXBuildFile; fileRef = 4054F382277E59EA0029BE10 /* EncyclopediaPayLoad.swift */; };
		4066BF362783326000594570 /* EncyclopediaViewController+ViewFlowLayout.swift in Sources */ = {isa = PBXBuildFile; fileRef = 4066BF352783326000594570 /* EncyclopediaViewController+ViewFlowLayout.swift */; };
		4066BF38278333A500594570 /* EncyclopediaViewController+DataSource.swift in Sources */ = {isa = PBXBuildFile; fileRef = 4066BF37278333A500594570 /* EncyclopediaViewController+DataSource.swift */; };
		4066BF3C278336C600594570 /* AlertViewController.swift in Sources */ = {isa = PBXBuildFile; fileRef = 4066BF3A278336C600594570 /* AlertViewController.swift */; };
		4066BF4027837BA600594570 /* EncyclopediaTests+PayLoadFormat.swift in Sources */ = {isa = PBXBuildFile; fileRef = 4066BF3F27837BA600594570 /* EncyclopediaTests+PayLoadFormat.swift */; };
		408F25432781D31F00CD34F1 /* EncyclopediaConstants.swift in Sources */ = {isa = PBXBuildFile; fileRef = 408F25422781D31F00CD34F1 /* EncyclopediaConstants.swift */; };
		408F25452781DF0B00CD34F1 /* EncyclopediaViewController+SearchResult.swift in Sources */ = {isa = PBXBuildFile; fileRef = 408F25442781DF0B00CD34F1 /* EncyclopediaViewController+SearchResult.swift */; };
		408F25472781DFFF00CD34F1 /* EncyclopediaViewController+DataSourcePrefetching.swift in Sources */ = {isa = PBXBuildFile; fileRef = 408F25462781DFFF00CD34F1 /* EncyclopediaViewController+DataSourcePrefetching.swift */; };
		408F254A278230BA00CD34F1 /* CatDetailViewController.swift in Sources */ = {isa = PBXBuildFile; fileRef = 408F2549278230BA00CD34F1 /* CatDetailViewController.swift */; };
		408F254C2782311200CD34F1 /* CatDetailsViewProtocol.swift in Sources */ = {isa = PBXBuildFile; fileRef = 408F254B2782311200CD34F1 /* CatDetailsViewProtocol.swift */; };
		408F254E2782370500CD34F1 /* CatDetailRouter.swift in Sources */ = {isa = PBXBuildFile; fileRef = 408F254D2782370500CD34F1 /* CatDetailRouter.swift */; };
		408F2551278258B500CD34F1 /* WikiButton.swift in Sources */ = {isa = PBXBuildFile; fileRef = 408F2550278258B500CD34F1 /* WikiButton.swift */; };
		409150722774A7F100DE38EA /* AppDelegate.swift in Sources */ = {isa = PBXBuildFile; fileRef = 409150712774A7F100DE38EA /* AppDelegate.swift */; };
		409150742774A7F100DE38EA /* SceneDelegate.swift in Sources */ = {isa = PBXBuildFile; fileRef = 409150732774A7F100DE38EA /* SceneDelegate.swift */; };
		409150762774A7F100DE38EA /* EncyclopediaViewController.swift in Sources */ = {isa = PBXBuildFile; fileRef = 409150752774A7F100DE38EA /* EncyclopediaViewController.swift */; };
		409150792774A7F100DE38EA /* Main.storyboard in Resources */ = {isa = PBXBuildFile; fileRef = 409150772774A7F100DE38EA /* Main.storyboard */; };
		4091507B2774A7F300DE38EA /* Assets.xcassets in Resources */ = {isa = PBXBuildFile; fileRef = 4091507A2774A7F300DE38EA /* Assets.xcassets */; };
		4091507E2774A7F300DE38EA /* LaunchScreen.storyboard in Resources */ = {isa = PBXBuildFile; fileRef = 4091507C2774A7F300DE38EA /* LaunchScreen.storyboard */; };
		409150892774A7F300DE38EA /* EncyclopediaTests.swift in Sources */ = {isa = PBXBuildFile; fileRef = 409150882774A7F300DE38EA /* EncyclopediaTests.swift */; };
		409150932774A7F300DE38EA /* EncyclopediaUITests.swift in Sources */ = {isa = PBXBuildFile; fileRef = 409150922774A7F300DE38EA /* EncyclopediaUITests.swift */; };
		409150952774A7F300DE38EA /* EncyclopediaUITestsLaunchTests.swift in Sources */ = {isa = PBXBuildFile; fileRef = 409150942774A7F300DE38EA /* EncyclopediaUITestsLaunchTests.swift */; };
		409150A22774A83500DE38EA /* README.md in Resources */ = {isa = PBXBuildFile; fileRef = 409150A12774A83500DE38EA /* README.md */; };
		40A43C7C277F338B007D181E /* EncyclopidiaRouter.swift in Sources */ = {isa = PBXBuildFile; fileRef = 40A43C7B277F338B007D181E /* EncyclopidiaRouter.swift */; };
/* End PBXBuildFile section */

/* Begin PBXContainerItemProxy section */
		409150852774A7F300DE38EA /* PBXContainerItemProxy */ = {
			isa = PBXContainerItemProxy;
			containerPortal = 409150662774A7F100DE38EA /* Project object */;
			proxyType = 1;
			remoteGlobalIDString = 4091506D2774A7F100DE38EA;
			remoteInfo = Encyclopedia;
		};
		4091508F2774A7F300DE38EA /* PBXContainerItemProxy */ = {
			isa = PBXContainerItemProxy;
			containerPortal = 409150662774A7F100DE38EA /* Project object */;
			proxyType = 1;
			remoteGlobalIDString = 4091506D2774A7F100DE38EA;
			remoteInfo = Encyclopedia;
		};
/* End PBXContainerItemProxy section */

/* Begin PBXFileReference section */
		40201FDD2781100400054257 /* AsyncFetcher.swift */ = {isa = PBXFileReference; lastKnownFileType = sourcecode.swift; path = AsyncFetcher.swift; sourceTree = "<group>"; };
		40201FDF2781117800054257 /* AsyncFetcherOperation.swift */ = {isa = PBXFileReference; lastKnownFileType = sourcecode.swift; path = AsyncFetcherOperation.swift; sourceTree = "<group>"; };
		40201FE1278111FF00054257 /* DisplayImage.swift */ = {isa = PBXFileReference; lastKnownFileType = sourcecode.swift; path = DisplayImage.swift; sourceTree = "<group>"; };
		4021FC4127775CC4006C400F /* EncyclopediaViewProtocol.swift */ = {isa = PBXFileReference; lastKnownFileType = sourcecode.swift; path = EncyclopediaViewProtocol.swift; sourceTree = "<group>"; };
		4021FC452777618A006C400F /* EncyclopediaCollectionCellView.swift */ = {isa = PBXFileReference; lastKnownFileType = sourcecode.swift; path = EncyclopediaCollectionCellView.swift; sourceTree = "<group>"; };
		4021FC4A27778BDF006C400F /* EncyclopediaExtensions.swift */ = {isa = PBXFileReference; lastKnownFileType = sourcecode.swift; path = EncyclopediaExtensions.swift; sourceTree = "<group>"; };
		4021FC4C27779246006C400F /* CatsReusableIdentifier.swift */ = {isa = PBXFileReference; lastKnownFileType = sourcecode.swift; path = CatsReusableIdentifier.swift; sourceTree = "<group>"; };
		4054F374277DEF180029BE10 /* EncyclopediaPresenter.swift */ = {isa = PBXFileReference; lastKnownFileType = sourcecode.swift; path = EncyclopediaPresenter.swift; sourceTree = "<group>"; };
		4054F377277DF1B40029BE10 /*  EncyclopediaInteractor.swift */ = {isa = PBXFileReference; lastKnownFileType = sourcecode.swift; path = " EncyclopediaInteractor.swift"; sourceTree = "<group>"; };
		4054F379277DF3500029BE10 /* ApiManager.swift */ = {isa = PBXFileReference; lastKnownFileType = sourcecode.swift; path = ApiManager.swift; sourceTree = "<group>"; };
		4054F37B277DF3D10029BE10 /* URLSessionProtocol.swift */ = {isa = PBXFileReference; lastKnownFileType = sourcecode.swift; path = URLSessionProtocol.swift; sourceTree = "<group>"; };
		4054F37D277E36810029BE10 /* NetworkReachabilityManager.swift */ = {isa = PBXFileReference; lastKnownFileType = sourcecode.swift; path = NetworkReachabilityManager.swift; sourceTree = "<group>"; };
		4054F380277E3FA90029BE10 /* CatModel.swift */ = {isa = PBXFileReference; lastKnownFileType = sourcecode.swift; path = CatModel.swift; sourceTree = "<group>"; };
		4054F382277E59EA0029BE10 /* EncyclopediaPayLoad.swift */ = {isa = PBXFileReference; lastKnownFileType = sourcecode.swift; path = EncyclopediaPayLoad.swift; sourceTree = "<group>"; };
		4066BF352783326000594570 /* EncyclopediaViewController+ViewFlowLayout.swift */ = {isa = PBXFileReference; lastKnownFileType = sourcecode.swift; path = "EncyclopediaViewController+ViewFlowLayout.swift"; sourceTree = "<group>"; };
		4066BF37278333A500594570 /* EncyclopediaViewController+DataSource.swift */ = {isa = PBXFileReference; lastKnownFileType = sourcecode.swift; path = "EncyclopediaViewController+DataSource.swift"; sourceTree = "<group>"; };
		4066BF3A278336C600594570 /* AlertViewController.swift */ = {isa = PBXFileReference; fileEncoding = 4; lastKnownFileType = sourcecode.swift; path = AlertViewController.swift; sourceTree = "<group>"; };
		4066BF3F27837BA600594570 /* EncyclopediaTests+PayLoadFormat.swift */ = {isa = PBXFileReference; lastKnownFileType = sourcecode.swift; path = "EncyclopediaTests+PayLoadFormat.swift"; sourceTree = "<group>"; };
		408F25422781D31F00CD34F1 /* EncyclopediaConstants.swift */ = {isa = PBXFileReference; lastKnownFileType = sourcecode.swift; path = EncyclopediaConstants.swift; sourceTree = "<group>"; };
		408F25442781DF0B00CD34F1 /* EncyclopediaViewController+SearchResult.swift */ = {isa = PBXFileReference; lastKnownFileType = sourcecode.swift; path = "EncyclopediaViewController+SearchResult.swift"; sourceTree = "<group>"; };
		408F25462781DFFF00CD34F1 /* EncyclopediaViewController+DataSourcePrefetching.swift */ = {isa = PBXFileReference; lastKnownFileType = sourcecode.swift; path = "EncyclopediaViewController+DataSourcePrefetching.swift"; sourceTree = "<group>"; };
		408F2549278230BA00CD34F1 /* CatDetailViewController.swift */ = {isa = PBXFileReference; lastKnownFileType = sourcecode.swift; path = CatDetailViewController.swift; sourceTree = "<group>"; };
		408F254B2782311200CD34F1 /* CatDetailsViewProtocol.swift */ = {isa = PBXFileReference; lastKnownFileType = sourcecode.swift; path = CatDetailsViewProtocol.swift; sourceTree = "<group>"; };
		408F254D2782370500CD34F1 /* CatDetailRouter.swift */ = {isa = PBXFileReference; lastKnownFileType = sourcecode.swift; path = CatDetailRouter.swift; sourceTree = "<group>"; };
		408F2550278258B500CD34F1 /* WikiButton.swift */ = {isa = PBXFileReference; lastKnownFileType = sourcecode.swift; path = WikiButton.swift; sourceTree = "<group>"; };
		4091506E2774A7F100DE38EA /* Encyclopedia.app */ = {isa = PBXFileReference; explicitFileType = wrapper.application; includeInIndex = 0; path = Encyclopedia.app; sourceTree = BUILT_PRODUCTS_DIR; };
		409150712774A7F100DE38EA /* AppDelegate.swift */ = {isa = PBXFileReference; lastKnownFileType = sourcecode.swift; path = AppDelegate.swift; sourceTree = "<group>"; };
		409150732774A7F100DE38EA /* SceneDelegate.swift */ = {isa = PBXFileReference; lastKnownFileType = sourcecode.swift; path = SceneDelegate.swift; sourceTree = "<group>"; };
		409150752774A7F100DE38EA /* EncyclopediaViewController.swift */ = {isa = PBXFileReference; lastKnownFileType = sourcecode.swift; path = EncyclopediaViewController.swift; sourceTree = "<group>"; };
		409150782774A7F100DE38EA /* Base */ = {isa = PBXFileReference; lastKnownFileType = file.storyboard; name = Base; path = Base.lproj/Main.storyboard; sourceTree = "<group>"; };
		4091507A2774A7F300DE38EA /* Assets.xcassets */ = {isa = PBXFileReference; lastKnownFileType = folder.assetcatalog; path = Assets.xcassets; sourceTree = "<group>"; };
		4091507D2774A7F300DE38EA /* Base */ = {isa = PBXFileReference; lastKnownFileType = file.storyboard; name = Base; path = Base.lproj/LaunchScreen.storyboard; sourceTree = "<group>"; };
		4091507F2774A7F300DE38EA /* Info.plist */ = {isa = PBXFileReference; lastKnownFileType = text.plist.xml; path = Info.plist; sourceTree = "<group>"; };
		409150842774A7F300DE38EA /* EncyclopediaTests.xctest */ = {isa = PBXFileReference; explicitFileType = wrapper.cfbundle; includeInIndex = 0; path = EncyclopediaTests.xctest; sourceTree = BUILT_PRODUCTS_DIR; };
		409150882774A7F300DE38EA /* EncyclopediaTests.swift */ = {isa = PBXFileReference; lastKnownFileType = sourcecode.swift; path = EncyclopediaTests.swift; sourceTree = "<group>"; };
		4091508E2774A7F300DE38EA /* EncyclopediaUITests.xctest */ = {isa = PBXFileReference; explicitFileType = wrapper.cfbundle; includeInIndex = 0; path = EncyclopediaUITests.xctest; sourceTree = BUILT_PRODUCTS_DIR; };
		409150922774A7F300DE38EA /* EncyclopediaUITests.swift */ = {isa = PBXFileReference; lastKnownFileType = sourcecode.swift; path = EncyclopediaUITests.swift; sourceTree = "<group>"; };
		409150942774A7F300DE38EA /* EncyclopediaUITestsLaunchTests.swift */ = {isa = PBXFileReference; lastKnownFileType = sourcecode.swift; path = EncyclopediaUITestsLaunchTests.swift; sourceTree = "<group>"; };
		409150A12774A83500DE38EA /* README.md */ = {isa = PBXFileReference; fileEncoding = 4; lastKnownFileType = net.daringfireball.markdown; path = README.md; sourceTree = "<group>"; };
		40A43C7B277F338B007D181E /* EncyclopidiaRouter.swift */ = {isa = PBXFileReference; lastKnownFileType = sourcecode.swift; path = EncyclopidiaRouter.swift; sourceTree = "<group>"; };
/* End PBXFileReference section */

/* Begin PBXFrameworksBuildPhase section */
		4091506B2774A7F100DE38EA /* Frameworks */ = {
			isa = PBXFrameworksBuildPhase;
			buildActionMask = 2147483647;
			files = (
			);
			runOnlyForDeploymentPostprocessing = 0;
		};
		409150812774A7F300DE38EA /* Frameworks */ = {
			isa = PBXFrameworksBuildPhase;
			buildActionMask = 2147483647;
			files = (
			);
			runOnlyForDeploymentPostprocessing = 0;
		};
		4091508B2774A7F300DE38EA /* Frameworks */ = {
			isa = PBXFrameworksBuildPhase;
			buildActionMask = 2147483647;
			files = (
			);
			runOnlyForDeploymentPostprocessing = 0;
		};
/* End PBXFrameworksBuildPhase section */

/* Begin PBXGroup section */
		40201FDC27810FE000054257 /* Async Utility */ = {
			isa = PBXGroup;
			children = (
				40201FDD2781100400054257 /* AsyncFetcher.swift */,
				40201FDF2781117800054257 /* AsyncFetcherOperation.swift */,
				40201FE1278111FF00054257 /* DisplayImage.swift */,
			);
			path = "Async Utility";
			sourceTree = "<group>";
		};
		4021FC402777596B006C400F /* Cats (VIPER) */ = {
			isa = PBXGroup;
			children = (
				4021FC4327775CCB006C400F /* Protocol */,
				40A43C7D277F33DC007D181E /* Router */,
				4021FC4427775CE2006C400F /* View */,
				4054F373277DED830029BE10 /* Presenter */,
				4054F376277DF1640029BE10 /* Interactor */,
				4054F37F277E3F8D0029BE10 /* Entity */,
			);
			path = "Cats (VIPER)";
			sourceTree = "<group>";
		};
		4021FC4327775CCB006C400F /* Protocol */ = {
			isa = PBXGroup;
			children = (
				4021FC4127775CC4006C400F /* EncyclopediaViewProtocol.swift */,
				408F254B2782311200CD34F1 /* CatDetailsViewProtocol.swift */,
			);
			path = Protocol;
			sourceTree = "<group>";
		};
		4021FC4427775CE2006C400F /* View */ = {
			isa = PBXGroup;
			children = (
				4066BF3D278337FB00594570 /* Cats List Collection View */,
				408F25482782307A00CD34F1 /* Cat Detail View */,
			);
			path = View;
			sourceTree = "<group>";
		};
		4021FC4927778BC4006C400F /* Helpers */ = {
			isa = PBXGroup;
			children = (
				408F254F278244E900CD34F1 /* URLSession Utility */,
				40201FDC27810FE000054257 /* Async Utility */,
				4066BF3E27833D0400594570 /* Cat PayLoad */,
				4021FC4A27778BDF006C400F /* EncyclopediaExtensions.swift */,
				4021FC4C27779246006C400F /* CatsReusableIdentifier.swift */,
				408F25422781D31F00CD34F1 /* EncyclopediaConstants.swift */,
				4066BF3A278336C600594570 /* AlertViewController.swift */,
			);
			path = Helpers;
			sourceTree = "<group>";
		};
		4054F373277DED830029BE10 /* Presenter */ = {
			isa = PBXGroup;
			children = (
				4054F374277DEF180029BE10 /* EncyclopediaPresenter.swift */,
			);
			path = Presenter;
			sourceTree = "<group>";
		};
		4054F376277DF1640029BE10 /* Interactor */ = {
			isa = PBXGroup;
			children = (
				4054F377277DF1B40029BE10 /*  EncyclopediaInteractor.swift */,
			);
			path = Interactor;
			sourceTree = "<group>";
		};
		4054F37F277E3F8D0029BE10 /* Entity */ = {
			isa = PBXGroup;
			children = (
				4054F380277E3FA90029BE10 /* CatModel.swift */,
			);
			path = Entity;
			sourceTree = "<group>";
		};
		4066BF3D278337FB00594570 /* Cats List Collection View */ = {
			isa = PBXGroup;
			children = (
				409150752774A7F100DE38EA /* EncyclopediaViewController.swift */,
				4066BF37278333A500594570 /* EncyclopediaViewController+DataSource.swift */,
				408F25462781DFFF00CD34F1 /* EncyclopediaViewController+DataSourcePrefetching.swift */,
				408F25442781DF0B00CD34F1 /* EncyclopediaViewController+SearchResult.swift */,
				4066BF352783326000594570 /* EncyclopediaViewController+ViewFlowLayout.swift */,
				4021FC452777618A006C400F /* EncyclopediaCollectionCellView.swift */,
				408F2550278258B500CD34F1 /* WikiButton.swift */,
			);
			path = "Cats List Collection View";
			sourceTree = "<group>";
		};
		4066BF3E27833D0400594570 /* Cat PayLoad */ = {
			isa = PBXGroup;
			children = (
				4054F382277E59EA0029BE10 /* EncyclopediaPayLoad.swift */,
			);
			path = "Cat PayLoad";
			sourceTree = "<group>";
		};
		408F25482782307A00CD34F1 /* Cat Detail View */ = {
			isa = PBXGroup;
			children = (
				408F2549278230BA00CD34F1 /* CatDetailViewController.swift */,
			);
			path = "Cat Detail View";
			sourceTree = "<group>";
		};
		408F254F278244E900CD34F1 /* URLSession Utility */ = {
			isa = PBXGroup;
			children = (
				4054F379277DF3500029BE10 /* ApiManager.swift */,
				4054F37B277DF3D10029BE10 /* URLSessionProtocol.swift */,
				4054F37D277E36810029BE10 /* NetworkReachabilityManager.swift */,
			);
			path = "URLSession Utility";
			sourceTree = "<group>";
		};
		409150652774A7F100DE38EA = {
			isa = PBXGroup;
			children = (
				409150A12774A83500DE38EA /* README.md */,
				409150702774A7F100DE38EA /* Encyclopedia */,
				409150872774A7F300DE38EA /* EncyclopediaTests */,
				409150912774A7F300DE38EA /* EncyclopediaUITests */,
				4091506F2774A7F100DE38EA /* Products */,
			);
			sourceTree = "<group>";
		};
		4091506F2774A7F100DE38EA /* Products */ = {
			isa = PBXGroup;
			children = (
				4091506E2774A7F100DE38EA /* Encyclopedia.app */,
				409150842774A7F300DE38EA /* EncyclopediaTests.xctest */,
				4091508E2774A7F300DE38EA /* EncyclopediaUITests.xctest */,
			);
			name = Products;
			sourceTree = "<group>";
		};
		409150702774A7F100DE38EA /* Encyclopedia */ = {
			isa = PBXGroup;
			children = (
				409150712774A7F100DE38EA /* AppDelegate.swift */,
				409150732774A7F100DE38EA /* SceneDelegate.swift */,
				4021FC4927778BC4006C400F /* Helpers */,
				4021FC402777596B006C400F /* Cats (VIPER) */,
				409150772774A7F100DE38EA /* Main.storyboard */,
				4091507A2774A7F300DE38EA /* Assets.xcassets */,
				4091507C2774A7F300DE38EA /* LaunchScreen.storyboard */,
				4091507F2774A7F300DE38EA /* Info.plist */,
			);
			path = Encyclopedia;
			sourceTree = "<group>";
		};
		409150872774A7F300DE38EA /* EncyclopediaTests */ = {
			isa = PBXGroup;
			children = (
				409150882774A7F300DE38EA /* EncyclopediaTests.swift */,
				4066BF3F27837BA600594570 /* EncyclopediaTests+PayLoadFormat.swift */,
			);
			path = EncyclopediaTests;
			sourceTree = "<group>";
		};
		409150912774A7F300DE38EA /* EncyclopediaUITests */ = {
			isa = PBXGroup;
			children = (
				409150922774A7F300DE38EA /* EncyclopediaUITests.swift */,
				409150942774A7F300DE38EA /* EncyclopediaUITestsLaunchTests.swift */,
			);
			path = EncyclopediaUITests;
			sourceTree = "<group>";
		};
		40A43C7D277F33DC007D181E /* Router */ = {
			isa = PBXGroup;
			children = (
				40A43C7B277F338B007D181E /* EncyclopidiaRouter.swift */,
				408F254D2782370500CD34F1 /* CatDetailRouter.swift */,
			);
			path = Router;
			sourceTree = "<group>";
		};
/* End PBXGroup section */

/* Begin PBXNativeTarget section */
		4091506D2774A7F100DE38EA /* Encyclopedia */ = {
			isa = PBXNativeTarget;
			buildConfigurationList = 409150982774A7F300DE38EA /* Build configuration list for PBXNativeTarget "Encyclopedia" */;
			buildPhases = (
				4091506A2774A7F100DE38EA /* Sources */,
				4091506B2774A7F100DE38EA /* Frameworks */,
				4091506C2774A7F100DE38EA /* Resources */,
			);
			buildRules = (
			);
			dependencies = (
			);
			name = Encyclopedia;
			productName = Encyclopedia;
			productReference = 4091506E2774A7F100DE38EA /* Encyclopedia.app */;
			productType = "com.apple.product-type.application";
		};
		409150832774A7F300DE38EA /* EncyclopediaTests */ = {
			isa = PBXNativeTarget;
			buildConfigurationList = 4091509B2774A7F300DE38EA /* Build configuration list for PBXNativeTarget "EncyclopediaTests" */;
			buildPhases = (
				409150802774A7F300DE38EA /* Sources */,
				409150812774A7F300DE38EA /* Frameworks */,
				409150822774A7F300DE38EA /* Resources */,
			);
			buildRules = (
			);
			dependencies = (
				409150862774A7F300DE38EA /* PBXTargetDependency */,
			);
			name = EncyclopediaTests;
			productName = EncyclopediaTests;
			productReference = 409150842774A7F300DE38EA /* EncyclopediaTests.xctest */;
			productType = "com.apple.product-type.bundle.unit-test";
		};
		4091508D2774A7F300DE38EA /* EncyclopediaUITests */ = {
			isa = PBXNativeTarget;
			buildConfigurationList = 4091509E2774A7F300DE38EA /* Build configuration list for PBXNativeTarget "EncyclopediaUITests" */;
			buildPhases = (
				4091508A2774A7F300DE38EA /* Sources */,
				4091508B2774A7F300DE38EA /* Frameworks */,
				4091508C2774A7F300DE38EA /* Resources */,
			);
			buildRules = (
			);
			dependencies = (
				409150902774A7F300DE38EA /* PBXTargetDependency */,
			);
			name = EncyclopediaUITests;
			productName = EncyclopediaUITests;
			productReference = 4091508E2774A7F300DE38EA /* EncyclopediaUITests.xctest */;
			productType = "com.apple.product-type.bundle.ui-testing";
		};
/* End PBXNativeTarget section */

/* Begin PBXProject section */
		409150662774A7F100DE38EA /* Project object */ = {
			isa = PBXProject;
			attributes = {
				BuildIndependentTargetsInParallel = 1;
				LastSwiftUpdateCheck = 1310;
				LastUpgradeCheck = 1310;
				TargetAttributes = {
					4091506D2774A7F100DE38EA = {
						CreatedOnToolsVersion = 13.1;
					};
					409150832774A7F300DE38EA = {
						CreatedOnToolsVersion = 13.1;
						TestTargetID = 4091506D2774A7F100DE38EA;
					};
					4091508D2774A7F300DE38EA = {
						CreatedOnToolsVersion = 13.1;
						TestTargetID = 4091506D2774A7F100DE38EA;
					};
				};
			};
			buildConfigurationList = 409150692774A7F100DE38EA /* Build configuration list for PBXProject "Encyclopedia" */;
			compatibilityVersion = "Xcode 13.0";
			developmentRegion = en;
			hasScannedForEncodings = 0;
			knownRegions = (
				en,
				Base,
			);
			mainGroup = 409150652774A7F100DE38EA;
			productRefGroup = 4091506F2774A7F100DE38EA /* Products */;
			projectDirPath = "";
			projectRoot = "";
			targets = (
				4091506D2774A7F100DE38EA /* Encyclopedia */,
				409150832774A7F300DE38EA /* EncyclopediaTests */,
				4091508D2774A7F300DE38EA /* EncyclopediaUITests */,
			);
		};
/* End PBXProject section */

/* Begin PBXResourcesBuildPhase section */
		4091506C2774A7F100DE38EA /* Resources */ = {
			isa = PBXResourcesBuildPhase;
			buildActionMask = 2147483647;
			files = (
				4091507E2774A7F300DE38EA /* LaunchScreen.storyboard in Resources */,
				4091507B2774A7F300DE38EA /* Assets.xcassets in Resources */,
				409150A22774A83500DE38EA /* README.md in Resources */,
				409150792774A7F100DE38EA /* Main.storyboard in Resources */,
			);
			runOnlyForDeploymentPostprocessing = 0;
		};
		409150822774A7F300DE38EA /* Resources */ = {
			isa = PBXResourcesBuildPhase;
			buildActionMask = 2147483647;
			files = (
			);
			runOnlyForDeploymentPostprocessing = 0;
		};
		4091508C2774A7F300DE38EA /* Resources */ = {
			isa = PBXResourcesBuildPhase;
			buildActionMask = 2147483647;
			files = (
			);
			runOnlyForDeploymentPostprocessing = 0;
		};
/* End PBXResourcesBuildPhase section */

/* Begin PBXSourcesBuildPhase section */
		4091506A2774A7F100DE38EA /* Sources */ = {
			isa = PBXSourcesBuildPhase;
			buildActionMask = 2147483647;
			files = (
				4054F383277E59EA0029BE10 /* EncyclopediaPayLoad.swift in Sources */,
				4054F378277DF1B40029BE10 /*  EncyclopediaInteractor.swift in Sources */,
				408F254A278230BA00CD34F1 /* CatDetailViewController.swift in Sources */,
				4054F381277E3FA90029BE10 /* CatModel.swift in Sources */,
				409150762774A7F100DE38EA /* EncyclopediaViewController.swift in Sources */,
				4054F37A277DF3500029BE10 /* ApiManager.swift in Sources */,
				409150722774A7F100DE38EA /* AppDelegate.swift in Sources */,
				408F2551278258B500CD34F1 /* WikiButton.swift in Sources */,
				4021FC4D27779246006C400F /* CatsReusableIdentifier.swift in Sources */,
				4054F37C277DF3D10029BE10 /* URLSessionProtocol.swift in Sources */,
				4021FC4227775CC4006C400F /* EncyclopediaViewProtocol.swift in Sources */,
				4021FC4B27778BDF006C400F /* EncyclopediaExtensions.swift in Sources */,
				408F254C2782311200CD34F1 /* CatDetailsViewProtocol.swift in Sources */,
				40201FE02781117800054257 /* AsyncFetcherOperation.swift in Sources */,
				409150742774A7F100DE38EA /* SceneDelegate.swift in Sources */,
				408F254E2782370500CD34F1 /* CatDetailRouter.swift in Sources */,
				4054F375277DEF180029BE10 /* EncyclopediaPresenter.swift in Sources */,
				4066BF3C278336C600594570 /* AlertViewController.swift in Sources */,
				40201FDE2781100400054257 /* AsyncFetcher.swift in Sources */,
				4054F37E277E36810029BE10 /* NetworkReachabilityManager.swift in Sources */,
				4066BF362783326000594570 /* EncyclopediaViewController+ViewFlowLayout.swift in Sources */,
				4021FC462777618A006C400F /* EncyclopediaCollectionCellView.swift in Sources */,
				408F25432781D31F00CD34F1 /* EncyclopediaConstants.swift in Sources */,
				408F25472781DFFF00CD34F1 /* EncyclopediaViewController+DataSourcePrefetching.swift in Sources */,
				408F25452781DF0B00CD34F1 /* EncyclopediaViewController+SearchResult.swift in Sources */,
				40201FE2278111FF00054257 /* DisplayImage.swift in Sources */,
				4066BF38278333A500594570 /* EncyclopediaViewController+DataSource.swift in Sources */,
				40A43C7C277F338B007D181E /* EncyclopidiaRouter.swift in Sources */,
			);
			runOnlyForDeploymentPostprocessing = 0;
		};
		409150802774A7F300DE38EA /* Sources */ = {
			isa = PBXSourcesBuildPhase;
			buildActionMask = 2147483647;
			files = (
				409150892774A7F300DE38EA /* EncyclopediaTests.swift in Sources */,
				4066BF4027837BA600594570 /* EncyclopediaTests+PayLoadFormat.swift in Sources */,
			);
			runOnlyForDeploymentPostprocessing = 0;
		};
		4091508A2774A7F300DE38EA /* Sources */ = {
			isa = PBXSourcesBuildPhase;
			buildActionMask = 2147483647;
			files = (
				409150952774A7F300DE38EA /* EncyclopediaUITestsLaunchTests.swift in Sources */,
				409150932774A7F300DE38EA /* EncyclopediaUITests.swift in Sources */,
			);
			runOnlyForDeploymentPostprocessing = 0;
		};
/* End PBXSourcesBuildPhase section */

/* Begin PBXTargetDependency section */
		409150862774A7F300DE38EA /* PBXTargetDependency */ = {
			isa = PBXTargetDependency;
			target = 4091506D2774A7F100DE38EA /* Encyclopedia */;
			targetProxy = 409150852774A7F300DE38EA /* PBXContainerItemProxy */;
		};
		409150902774A7F300DE38EA /* PBXTargetDependency */ = {
			isa = PBXTargetDependency;
			target = 4091506D2774A7F100DE38EA /* Encyclopedia */;
			targetProxy = 4091508F2774A7F300DE38EA /* PBXContainerItemProxy */;
		};
/* End PBXTargetDependency section */

/* Begin PBXVariantGroup section */
		409150772774A7F100DE38EA /* Main.storyboard */ = {
			isa = PBXVariantGroup;
			children = (
				409150782774A7F100DE38EA /* Base */,
			);
			name = Main.storyboard;
			sourceTree = "<group>";
		};
		4091507C2774A7F300DE38EA /* LaunchScreen.storyboard */ = {
			isa = PBXVariantGroup;
			children = (
				4091507D2774A7F300DE38EA /* Base */,
			);
			name = LaunchScreen.storyboard;
			sourceTree = "<group>";
		};
/* End PBXVariantGroup section */

/* Begin XCBuildConfiguration section */
		409150962774A7F300DE38EA /* Debug */ = {
			isa = XCBuildConfiguration;
			buildSettings = {
				ALWAYS_SEARCH_USER_PATHS = NO;
				CLANG_ANALYZER_NONNULL = YES;
				CLANG_ANALYZER_NUMBER_OBJECT_CONVERSION = YES_AGGRESSIVE;
				CLANG_CXX_LANGUAGE_STANDARD = "gnu++17";
				CLANG_CXX_LIBRARY = "libc++";
				CLANG_ENABLE_MODULES = YES;
				CLANG_ENABLE_OBJC_ARC = YES;
				CLANG_ENABLE_OBJC_WEAK = YES;
				CLANG_WARN_BLOCK_CAPTURE_AUTORELEASING = YES;
				CLANG_WARN_BOOL_CONVERSION = YES;
				CLANG_WARN_COMMA = YES;
				CLANG_WARN_CONSTANT_CONVERSION = YES;
				CLANG_WARN_DEPRECATED_OBJC_IMPLEMENTATIONS = YES;
				CLANG_WARN_DIRECT_OBJC_ISA_USAGE = YES_ERROR;
				CLANG_WARN_DOCUMENTATION_COMMENTS = YES;
				CLANG_WARN_EMPTY_BODY = YES;
				CLANG_WARN_ENUM_CONVERSION = YES;
				CLANG_WARN_INFINITE_RECURSION = YES;
				CLANG_WARN_INT_CONVERSION = YES;
				CLANG_WARN_NON_LITERAL_NULL_CONVERSION = YES;
				CLANG_WARN_OBJC_IMPLICIT_RETAIN_SELF = YES;
				CLANG_WARN_OBJC_LITERAL_CONVERSION = YES;
				CLANG_WARN_OBJC_ROOT_CLASS = YES_ERROR;
				CLANG_WARN_QUOTED_INCLUDE_IN_FRAMEWORK_HEADER = YES;
				CLANG_WARN_RANGE_LOOP_ANALYSIS = YES;
				CLANG_WARN_STRICT_PROTOTYPES = YES;
				CLANG_WARN_SUSPICIOUS_MOVE = YES;
				CLANG_WARN_UNGUARDED_AVAILABILITY = YES_AGGRESSIVE;
				CLANG_WARN_UNREACHABLE_CODE = YES;
				CLANG_WARN__DUPLICATE_METHOD_MATCH = YES;
				COPY_PHASE_STRIP = NO;
				DEBUG_INFORMATION_FORMAT = dwarf;
				ENABLE_STRICT_OBJC_MSGSEND = YES;
				ENABLE_TESTABILITY = YES;
				GCC_C_LANGUAGE_STANDARD = gnu11;
				GCC_DYNAMIC_NO_PIC = NO;
				GCC_NO_COMMON_BLOCKS = YES;
				GCC_OPTIMIZATION_LEVEL = 0;
				GCC_PREPROCESSOR_DEFINITIONS = (
					"DEBUG=1",
					"$(inherited)",
				);
				GCC_WARN_64_TO_32_BIT_CONVERSION = YES;
				GCC_WARN_ABOUT_RETURN_TYPE = YES_ERROR;
				GCC_WARN_UNDECLARED_SELECTOR = YES;
				GCC_WARN_UNINITIALIZED_AUTOS = YES_AGGRESSIVE;
				GCC_WARN_UNUSED_FUNCTION = YES;
				GCC_WARN_UNUSED_VARIABLE = YES;
				IPHONEOS_DEPLOYMENT_TARGET = 15.0;
				MTL_ENABLE_DEBUG_INFO = INCLUDE_SOURCE;
				MTL_FAST_MATH = YES;
				ONLY_ACTIVE_ARCH = YES;
				SDKROOT = iphoneos;
				SWIFT_ACTIVE_COMPILATION_CONDITIONS = DEBUG;
				SWIFT_OPTIMIZATION_LEVEL = "-Onone";
			};
			name = Debug;
		};
		409150972774A7F300DE38EA /* Release */ = {
			isa = XCBuildConfiguration;
			buildSettings = {
				ALWAYS_SEARCH_USER_PATHS = NO;
				CLANG_ANALYZER_NONNULL = YES;
				CLANG_ANALYZER_NUMBER_OBJECT_CONVERSION = YES_AGGRESSIVE;
				CLANG_CXX_LANGUAGE_STANDARD = "gnu++17";
				CLANG_CXX_LIBRARY = "libc++";
				CLANG_ENABLE_MODULES = YES;
				CLANG_ENABLE_OBJC_ARC = YES;
				CLANG_ENABLE_OBJC_WEAK = YES;
				CLANG_WARN_BLOCK_CAPTURE_AUTORELEASING = YES;
				CLANG_WARN_BOOL_CONVERSION = YES;
				CLANG_WARN_COMMA = YES;
				CLANG_WARN_CONSTANT_CONVERSION = YES;
				CLANG_WARN_DEPRECATED_OBJC_IMPLEMENTATIONS = YES;
				CLANG_WARN_DIRECT_OBJC_ISA_USAGE = YES_ERROR;
				CLANG_WARN_DOCUMENTATION_COMMENTS = YES;
				CLANG_WARN_EMPTY_BODY = YES;
				CLANG_WARN_ENUM_CONVERSION = YES;
				CLANG_WARN_INFINITE_RECURSION = YES;
				CLANG_WARN_INT_CONVERSION = YES;
				CLANG_WARN_NON_LITERAL_NULL_CONVERSION = YES;
				CLANG_WARN_OBJC_IMPLICIT_RETAIN_SELF = YES;
				CLANG_WARN_OBJC_LITERAL_CONVERSION = YES;
				CLANG_WARN_OBJC_ROOT_CLASS = YES_ERROR;
				CLANG_WARN_QUOTED_INCLUDE_IN_FRAMEWORK_HEADER = YES;
				CLANG_WARN_RANGE_LOOP_ANALYSIS = YES;
				CLANG_WARN_STRICT_PROTOTYPES = YES;
				CLANG_WARN_SUSPICIOUS_MOVE = YES;
				CLANG_WARN_UNGUARDED_AVAILABILITY = YES_AGGRESSIVE;
				CLANG_WARN_UNREACHABLE_CODE = YES;
				CLANG_WARN__DUPLICATE_METHOD_MATCH = YES;
				COPY_PHASE_STRIP = NO;
				DEBUG_INFORMATION_FORMAT = "dwarf-with-dsym";
				ENABLE_NS_ASSERTIONS = NO;
				ENABLE_STRICT_OBJC_MSGSEND = YES;
				GCC_C_LANGUAGE_STANDARD = gnu11;
				GCC_NO_COMMON_BLOCKS = YES;
				GCC_WARN_64_TO_32_BIT_CONVERSION = YES;
				GCC_WARN_ABOUT_RETURN_TYPE = YES_ERROR;
				GCC_WARN_UNDECLARED_SELECTOR = YES;
				GCC_WARN_UNINITIALIZED_AUTOS = YES_AGGRESSIVE;
				GCC_WARN_UNUSED_FUNCTION = YES;
				GCC_WARN_UNUSED_VARIABLE = YES;
				IPHONEOS_DEPLOYMENT_TARGET = 15.0;
				MTL_ENABLE_DEBUG_INFO = NO;
				MTL_FAST_MATH = YES;
				SDKROOT = iphoneos;
				SWIFT_COMPILATION_MODE = wholemodule;
				SWIFT_OPTIMIZATION_LEVEL = "-O";
				VALIDATE_PRODUCT = YES;
			};
			name = Release;
		};
		409150992774A7F300DE38EA /* Debug */ = {
			isa = XCBuildConfiguration;
			buildSettings = {
				ASSETCATALOG_COMPILER_APPICON_NAME = AppIcon;
				ASSETCATALOG_COMPILER_GLOBAL_ACCENT_COLOR_NAME = AccentColor;
				CODE_SIGN_STYLE = Automatic;
				CURRENT_PROJECT_VERSION = 1;
				GENERATE_INFOPLIST_FILE = YES;
				INFOPLIST_FILE = Encyclopedia/Info.plist;
				INFOPLIST_KEY_UIApplicationSupportsIndirectInputEvents = YES;
				INFOPLIST_KEY_UILaunchStoryboardName = LaunchScreen;
				INFOPLIST_KEY_UIMainStoryboardFile = Main;
				INFOPLIST_KEY_UISupportedInterfaceOrientations_iPad = "UIInterfaceOrientationPortrait UIInterfaceOrientationPortraitUpsideDown UIInterfaceOrientationLandscapeLeft UIInterfaceOrientationLandscapeRight";
				INFOPLIST_KEY_UISupportedInterfaceOrientations_iPhone = "UIInterfaceOrientationPortrait UIInterfaceOrientationLandscapeLeft UIInterfaceOrientationLandscapeRight";
				LD_RUNPATH_SEARCH_PATHS = (
					"$(inherited)",
					"@executable_path/Frameworks",
				);
				MARKETING_VERSION = 1.0;
				PRODUCT_BUNDLE_IDENTIFIER = com.test.Encyclopedia;
				PRODUCT_NAME = "$(TARGET_NAME)";
				SWIFT_EMIT_LOC_STRINGS = YES;
				SWIFT_VERSION = 5.0;
				TARGETED_DEVICE_FAMILY = "1,2";
			};
			name = Debug;
		};
		4091509A2774A7F300DE38EA /* Release */ = {
			isa = XCBuildConfiguration;
			buildSettings = {
				ASSETCATALOG_COMPILER_APPICON_NAME = AppIcon;
				ASSETCATALOG_COMPILER_GLOBAL_ACCENT_COLOR_NAME = AccentColor;
				CODE_SIGN_STYLE = Automatic;
				CURRENT_PROJECT_VERSION = 1;
				GENERATE_INFOPLIST_FILE = YES;
				INFOPLIST_FILE = Encyclopedia/Info.plist;
				INFOPLIST_KEY_UIApplicationSupportsIndirectInputEvents = YES;
				INFOPLIST_KEY_UILaunchStoryboardName = LaunchScreen;
				INFOPLIST_KEY_UIMainStoryboardFile = Main;
				INFOPLIST_KEY_UISupportedInterfaceOrientations_iPad = "UIInterfaceOrientationPortrait UIInterfaceOrientationPortraitUpsideDown UIInterfaceOrientationLandscapeLeft UIInterfaceOrientationLandscapeRight";
				INFOPLIST_KEY_UISupportedInterfaceOrientations_iPhone = "UIInterfaceOrientationPortrait UIInterfaceOrientationLandscapeLeft UIInterfaceOrientationLandscapeRight";
				LD_RUNPATH_SEARCH_PATHS = (
					"$(inherited)",
					"@executable_path/Frameworks",
				);
				MARKETING_VERSION = 1.0;
				PRODUCT_BUNDLE_IDENTIFIER = com.test.Encyclopedia;
				PRODUCT_NAME = "$(TARGET_NAME)";
				SWIFT_EMIT_LOC_STRINGS = YES;
				SWIFT_VERSION = 5.0;
				TARGETED_DEVICE_FAMILY = "1,2";
			};
			name = Release;
		};
		4091509C2774A7F300DE38EA /* Debug */ = {
			isa = XCBuildConfiguration;
			buildSettings = {
				ALWAYS_EMBED_SWIFT_STANDARD_LIBRARIES = YES;
				BUNDLE_LOADER = "$(TEST_HOST)";
				CODE_SIGN_STYLE = Automatic;
				CURRENT_PROJECT_VERSION = 1;
				GENERATE_INFOPLIST_FILE = YES;
				IPHONEOS_DEPLOYMENT_TARGET = 15.0;
				LD_RUNPATH_SEARCH_PATHS = (
					"$(inherited)",
					"@executable_path/Frameworks",
					"@loader_path/Frameworks",
				);
				MARKETING_VERSION = 1.0;
				PRODUCT_BUNDLE_IDENTIFIER = com.test.EncyclopediaTests;
				PRODUCT_NAME = "$(TARGET_NAME)";
				SWIFT_EMIT_LOC_STRINGS = NO;
				SWIFT_VERSION = 5.0;
				TARGETED_DEVICE_FAMILY = "1,2";
				TEST_HOST = "$(BUILT_PRODUCTS_DIR)/Encyclopedia.app/Encyclopedia";
			};
			name = Debug;
		};
		4091509D2774A7F300DE38EA /* Release */ = {
			isa = XCBuildConfiguration;
			buildSettings = {
				ALWAYS_EMBED_SWIFT_STANDARD_LIBRARIES = YES;
				BUNDLE_LOADER = "$(TEST_HOST)";
				CODE_SIGN_STYLE = Automatic;
				CURRENT_PROJECT_VERSION = 1;
				GENERATE_INFOPLIST_FILE = YES;
				IPHONEOS_DEPLOYMENT_TARGET = 15.0;
				LD_RUNPATH_SEARCH_PATHS = (
					"$(inherited)",
					"@executable_path/Frameworks",
					"@loader_path/Frameworks",
				);
				MARKETING_VERSION = 1.0;
				PRODUCT_BUNDLE_IDENTIFIER = com.test.EncyclopediaTests;
				PRODUCT_NAME = "$(TARGET_NAME)";
				SWIFT_EMIT_LOC_STRINGS = NO;
				SWIFT_VERSION = 5.0;
				TARGETED_DEVICE_FAMILY = "1,2";
				TEST_HOST = "$(BUILT_PRODUCTS_DIR)/Encyclopedia.app/Encyclopedia";
			};
			name = Release;
		};
		4091509F2774A7F300DE38EA /* Debug */ = {
			isa = XCBuildConfiguration;
			buildSettings = {
				ALWAYS_EMBED_SWIFT_STANDARD_LIBRARIES = YES;
				CODE_SIGN_STYLE = Automatic;
				CURRENT_PROJECT_VERSION = 1;
				GENERATE_INFOPLIST_FILE = YES;
				LD_RUNPATH_SEARCH_PATHS = (
					"$(inherited)",
					"@executable_path/Frameworks",
					"@loader_path/Frameworks",
				);
				MARKETING_VERSION = 1.0;
				PRODUCT_BUNDLE_IDENTIFIER = com.test.EncyclopediaUITests;
				PRODUCT_NAME = "$(TARGET_NAME)";
				SWIFT_EMIT_LOC_STRINGS = NO;
				SWIFT_VERSION = 5.0;
				TARGETED_DEVICE_FAMILY = "1,2";
				TEST_TARGET_NAME = Encyclopedia;
			};
			name = Debug;
		};
		409150A02774A7F300DE38EA /* Release */ = {
			isa = XCBuildConfiguration;
			buildSettings = {
				ALWAYS_EMBED_SWIFT_STANDARD_LIBRARIES = YES;
				CODE_SIGN_STYLE = Automatic;
				CURRENT_PROJECT_VERSION = 1;
				GENERATE_INFOPLIST_FILE = YES;
				LD_RUNPATH_SEARCH_PATHS = (
					"$(inherited)",
					"@executable_path/Frameworks",
					"@loader_path/Frameworks",
				);
				MARKETING_VERSION = 1.0;
				PRODUCT_BUNDLE_IDENTIFIER = com.test.EncyclopediaUITests;
				PRODUCT_NAME = "$(TARGET_NAME)";
				SWIFT_EMIT_LOC_STRINGS = NO;
				SWIFT_VERSION = 5.0;
				TARGETED_DEVICE_FAMILY = "1,2";
				TEST_TARGET_NAME = Encyclopedia;
			};
			name = Release;
		};
/* End XCBuildConfiguration section */

/* Begin XCConfigurationList section */
		409150692774A7F100DE38EA /* Build configuration list for PBXProject "Encyclopedia" */ = {
			isa = XCConfigurationList;
			buildConfigurations = (
				409150962774A7F300DE38EA /* Debug */,
				409150972774A7F300DE38EA /* Release */,
			);
			defaultConfigurationIsVisible = 0;
			defaultConfigurationName = Release;
		};
		409150982774A7F300DE38EA /* Build configuration list for PBXNativeTarget "Encyclopedia" */ = {
			isa = XCConfigurationList;
			buildConfigurations = (
				409150992774A7F300DE38EA /* Debug */,
				4091509A2774A7F300DE38EA /* Release */,
			);
			defaultConfigurationIsVisible = 0;
			defaultConfigurationName = Release;
		};
		4091509B2774A7F300DE38EA /* Build configuration list for PBXNativeTarget "EncyclopediaTests" */ = {
			isa = XCConfigurationList;
			buildConfigurations = (
				4091509C2774A7F300DE38EA /* Debug */,
				4091509D2774A7F300DE38EA /* Release */,
			);
			defaultConfigurationIsVisible = 0;
			defaultConfigurationName = Release;
		};
		4091509E2774A7F300DE38EA /* Build configuration list for PBXNativeTarget "EncyclopediaUITests" */ = {
			isa = XCConfigurationList;
			buildConfigurations = (
				4091509F2774A7F300DE38EA /* Debug */,
				409150A02774A7F300DE38EA /* Release */,
			);
			defaultConfigurationIsVisible = 0;
			defaultConfigurationName = Release;
		};
/* End XCConfigurationList section */
	};
	rootObject = 409150662774A7F100DE38EA /* Project object */;
}
